// !$*UTF8*$!
{
	archiveVersion = 1;
	classes = {
	};
	objectVersion = 46;
	objects = {

/* Begin PBXBuildFile section */
		52E13C331EBB1ECE0035BC90 /* main.m in Sources */ = {isa = PBXBuildFile; fileRef = 52E13C321EBB1ECE0035BC90 /* main.m */; };
		52E13C361EBB1ECE0035BC90 /* AppDelegate.m in Sources */ = {isa = PBXBuildFile; fileRef = 52E13C351EBB1ECE0035BC90 /* AppDelegate.m */; };
		52E13C391EBB1ECE0035BC90 /* ViewController.m in Sources */ = {isa = PBXBuildFile; fileRef = 52E13C381EBB1ECE0035BC90 /* ViewController.m */; };
		52E13C3C1EBB1ECE0035BC90 /* Main.storyboard in Resources */ = {isa = PBXBuildFile; fileRef = 52E13C3A1EBB1ECE0035BC90 /* Main.storyboard */; };
		52E13C3E1EBB1ECE0035BC90 /* Assets.xcassets in Resources */ = {isa = PBXBuildFile; fileRef = 52E13C3D1EBB1ECE0035BC90 /* Assets.xcassets */; };
		52E13C411EBB1ECE0035BC90 /* LaunchScreen.storyboard in Resources */ = {isa = PBXBuildFile; fileRef = 52E13C3F1EBB1ECE0035BC90 /* LaunchScreen.storyboard */; };
		52E13C4C1EBB1ECE0035BC90 /* SCPhotoCropTests.m in Sources */ = {isa = PBXBuildFile; fileRef = 52E13C4B1EBB1ECE0035BC90 /* SCPhotoCropTests.m */; };
		52E13C571EBB1ECE0035BC90 /* SCPhotoCropUITests.m in Sources */ = {isa = PBXBuildFile; fileRef = 52E13C561EBB1ECE0035BC90 /* SCPhotoCropUITests.m */; };
		52E13C691EBB1FC40035BC90 /* KSCCropAreaView.m in Sources */ = {isa = PBXBuildFile; fileRef = 52E13C661EBB1FC40035BC90 /* KSCCropAreaView.m */; };
		52E13C6A1EBB1FC40035BC90 /* KSCPhotoCropView.m in Sources */ = {isa = PBXBuildFile; fileRef = 52E13C681EBB1FC40035BC90 /* KSCPhotoCropView.m */; };
		52E13C861EBB20340035BC90 /* Info.plist in Resources */ = {isa = PBXBuildFile; fileRef = 52E13C6C1EBB20340035BC90 /* Info.plist */; };
		52E13C871EBB20340035BC90 /* MASCompositeConstraint.m in Sources */ = {isa = PBXBuildFile; fileRef = 52E13C6E1EBB20340035BC90 /* MASCompositeConstraint.m */; };
		52E13C881EBB20340035BC90 /* MASConstraint.m in Sources */ = {isa = PBXBuildFile; fileRef = 52E13C711EBB20340035BC90 /* MASConstraint.m */; };
		52E13C891EBB20340035BC90 /* MASConstraintMaker.m in Sources */ = {isa = PBXBuildFile; fileRef = 52E13C731EBB20340035BC90 /* MASConstraintMaker.m */; };
		52E13C8A1EBB20340035BC90 /* MASLayoutConstraint.m in Sources */ = {isa = PBXBuildFile; fileRef = 52E13C751EBB20340035BC90 /* MASLayoutConstraint.m */; };
		52E13C8B1EBB20340035BC90 /* MASViewAttribute.m in Sources */ = {isa = PBXBuildFile; fileRef = 52E13C791EBB20340035BC90 /* MASViewAttribute.m */; };
		52E13C8C1EBB20340035BC90 /* MASViewConstraint.m in Sources */ = {isa = PBXBuildFile; fileRef = 52E13C7B1EBB20340035BC90 /* MASViewConstraint.m */; };
		52E13C8D1EBB20340035BC90 /* NSArray+MASAdditions.m in Sources */ = {isa = PBXBuildFile; fileRef = 52E13C7D1EBB20340035BC90 /* NSArray+MASAdditions.m */; };
		52E13C8E1EBB20340035BC90 /* NSLayoutConstraint+MASDebugAdditions.m in Sources */ = {isa = PBXBuildFile; fileRef = 52E13C801EBB20340035BC90 /* NSLayoutConstraint+MASDebugAdditions.m */; };
		52E13C8F1EBB20340035BC90 /* View+MASAdditions.m in Sources */ = {isa = PBXBuildFile; fileRef = 52E13C821EBB20340035BC90 /* View+MASAdditions.m */; };
		52E13C901EBB20340035BC90 /* ViewController+MASAdditions.m in Sources */ = {isa = PBXBuildFile; fileRef = 52E13C851EBB20340035BC90 /* ViewController+MASAdditions.m */; };
/* End PBXBuildFile section */

/* Begin PBXContainerItemProxy section */
		52E13C481EBB1ECE0035BC90 /* PBXContainerItemProxy */ = {
			isa = PBXContainerItemProxy;
			containerPortal = 52E13C261EBB1ECE0035BC90 /* Project object */;
			proxyType = 1;
			remoteGlobalIDString = 52E13C2D1EBB1ECE0035BC90;
			remoteInfo = SCPhotoCrop;
		};
		52E13C531EBB1ECE0035BC90 /* PBXContainerItemProxy */ = {
			isa = PBXContainerItemProxy;
			containerPortal = 52E13C261EBB1ECE0035BC90 /* Project object */;
			proxyType = 1;
			remoteGlobalIDString = 52E13C2D1EBB1ECE0035BC90;
			remoteInfo = SCPhotoCrop;
		};
/* End PBXContainerItemProxy section */

/* Begin PBXFileReference section */
		52E13C2E1EBB1ECE0035BC90 /* SCPhotoCrop.app */ = {isa = PBXFileReference; explicitFileType = wrapper.application; includeInIndex = 0; path = SCPhotoCrop.app; sourceTree = BUILT_PRODUCTS_DIR; };
		52E13C321EBB1ECE0035BC90 /* main.m */ = {isa = PBXFileReference; lastKnownFileType = sourcecode.c.objc; path = main.m; sourceTree = "<group>"; };
		52E13C341EBB1ECE0035BC90 /* AppDelegate.h */ = {isa = PBXFileReference; lastKnownFileType = sourcecode.c.h; path = AppDelegate.h; sourceTree = "<group>"; };
		52E13C351EBB1ECE0035BC90 /* AppDelegate.m */ = {isa = PBXFileReference; lastKnownFileType = sourcecode.c.objc; path = AppDelegate.m; sourceTree = "<group>"; };
		52E13C371EBB1ECE0035BC90 /* ViewController.h */ = {isa = PBXFileReference; lastKnownFileType = sourcecode.c.h; path = ViewController.h; sourceTree = "<group>"; };
		52E13C381EBB1ECE0035BC90 /* ViewController.m */ = {isa = PBXFileReference; lastKnownFileType = sourcecode.c.objc; path = ViewController.m; sourceTree = "<group>"; };
		52E13C3B1EBB1ECE0035BC90 /* Base */ = {isa = PBXFileReference; lastKnownFileType = file.storyboard; name = Base; path = Base.lproj/Main.storyboard; sourceTree = "<group>"; };
		52E13C3D1EBB1ECE0035BC90 /* Assets.xcassets */ = {isa = PBXFileReference; lastKnownFileType = folder.assetcatalog; path = Assets.xcassets; sourceTree = "<group>"; };
		52E13C401EBB1ECE0035BC90 /* Base */ = {isa = PBXFileReference; lastKnownFileType = file.storyboard; name = Base; path = Base.lproj/LaunchScreen.storyboard; sourceTree = "<group>"; };
		52E13C421EBB1ECE0035BC90 /* Info.plist */ = {isa = PBXFileReference; lastKnownFileType = text.plist.xml; path = Info.plist; sourceTree = "<group>"; };
		52E13C471EBB1ECE0035BC90 /* SCPhotoCropTests.xctest */ = {isa = PBXFileReference; explicitFileType = wrapper.cfbundle; includeInIndex = 0; path = SCPhotoCropTests.xctest; sourceTree = BUILT_PRODUCTS_DIR; };
		52E13C4B1EBB1ECE0035BC90 /* SCPhotoCropTests.m */ = {isa = PBXFileReference; lastKnownFileType = sourcecode.c.objc; path = SCPhotoCropTests.m; sourceTree = "<group>"; };
		52E13C4D1EBB1ECE0035BC90 /* Info.plist */ = {isa = PBXFileReference; lastKnownFileType = text.plist.xml; path = Info.plist; sourceTree = "<group>"; };
		52E13C521EBB1ECE0035BC90 /* SCPhotoCropUITests.xctest */ = {isa = PBXFileReference; explicitFileType = wrapper.cfbundle; includeInIndex = 0; path = SCPhotoCropUITests.xctest; sourceTree = BUILT_PRODUCTS_DIR; };
		52E13C561EBB1ECE0035BC90 /* SCPhotoCropUITests.m */ = {isa = PBXFileReference; lastKnownFileType = sourcecode.c.objc; path = SCPhotoCropUITests.m; sourceTree = "<group>"; };
		52E13C581EBB1ECE0035BC90 /* Info.plist */ = {isa = PBXFileReference; lastKnownFileType = text.plist.xml; path = Info.plist; sourceTree = "<group>"; };
		52E13C651EBB1FC40035BC90 /* KSCCropAreaView.h */ = {isa = PBXFileReference; fileEncoding = 4; lastKnownFileType = sourcecode.c.h; path = KSCCropAreaView.h; sourceTree = "<group>"; };
		52E13C661EBB1FC40035BC90 /* KSCCropAreaView.m */ = {isa = PBXFileReference; fileEncoding = 4; lastKnownFileType = sourcecode.c.objc; path = KSCCropAreaView.m; sourceTree = "<group>"; };
		52E13C671EBB1FC40035BC90 /* KSCPhotoCropView.h */ = {isa = PBXFileReference; fileEncoding = 4; lastKnownFileType = sourcecode.c.h; path = KSCPhotoCropView.h; sourceTree = "<group>"; };
		52E13C681EBB1FC40035BC90 /* KSCPhotoCropView.m */ = {isa = PBXFileReference; fileEncoding = 4; lastKnownFileType = sourcecode.c.objc; path = KSCPhotoCropView.m; sourceTree = "<group>"; };
		52E13C6C1EBB20340035BC90 /* Info.plist */ = {isa = PBXFileReference; fileEncoding = 4; lastKnownFileType = text.plist.xml; path = Info.plist; sourceTree = "<group>"; };
		52E13C6D1EBB20340035BC90 /* MASCompositeConstraint.h */ = {isa = PBXFileReference; fileEncoding = 4; lastKnownFileType = sourcecode.c.h; path = MASCompositeConstraint.h; sourceTree = "<group>"; };
		52E13C6E1EBB20340035BC90 /* MASCompositeConstraint.m */ = {isa = PBXFileReference; fileEncoding = 4; lastKnownFileType = sourcecode.c.objc; path = MASCompositeConstraint.m; sourceTree = "<group>"; };
		52E13C6F1EBB20340035BC90 /* MASConstraint+Private.h */ = {isa = PBXFileReference; fileEncoding = 4; lastKnownFileType = sourcecode.c.h; path = "MASConstraint+Private.h"; sourceTree = "<group>"; };
		52E13C701EBB20340035BC90 /* MASConstraint.h */ = {isa = PBXFileReference; fileEncoding = 4; lastKnownFileType = sourcecode.c.h; path = MASConstraint.h; sourceTree = "<group>"; };
		52E13C711EBB20340035BC90 /* MASConstraint.m */ = {isa = PBXFileReference; fileEncoding = 4; lastKnownFileType = sourcecode.c.objc; path = MASConstraint.m; sourceTree = "<group>"; };
		52E13C721EBB20340035BC90 /* MASConstraintMaker.h */ = {isa = PBXFileReference; fileEncoding = 4; lastKnownFileType = sourcecode.c.h; path = MASConstraintMaker.h; sourceTree = "<group>"; };
		52E13C731EBB20340035BC90 /* MASConstraintMaker.m */ = {isa = PBXFileReference; fileEncoding = 4; lastKnownFileType = sourcecode.c.objc; path = MASConstraintMaker.m; sourceTree = "<group>"; };
		52E13C741EBB20340035BC90 /* MASLayoutConstraint.h */ = {isa = PBXFileReference; fileEncoding = 4; lastKnownFileType = sourcecode.c.h; path = MASLayoutConstraint.h; sourceTree = "<group>"; };
		52E13C751EBB20340035BC90 /* MASLayoutConstraint.m */ = {isa = PBXFileReference; fileEncoding = 4; lastKnownFileType = sourcecode.c.objc; path = MASLayoutConstraint.m; sourceTree = "<group>"; };
		52E13C761EBB20340035BC90 /* Masonry.h */ = {isa = PBXFileReference; fileEncoding = 4; lastKnownFileType = sourcecode.c.h; path = Masonry.h; sourceTree = "<group>"; };
		52E13C771EBB20340035BC90 /* MASUtilities.h */ = {isa = PBXFileReference; fileEncoding = 4; lastKnownFileType = sourcecode.c.h; path = MASUtilities.h; sourceTree = "<group>"; };
		52E13C781EBB20340035BC90 /* MASViewAttribute.h */ = {isa = PBXFileReference; fileEncoding = 4; lastKnownFileType = sourcecode.c.h; path = MASViewAttribute.h; sourceTree = "<group>"; };
		52E13C791EBB20340035BC90 /* MASViewAttribute.m */ = {isa = PBXFileReference; fileEncoding = 4; lastKnownFileType = sourcecode.c.objc; path = MASViewAttribute.m; sourceTree = "<group>"; };
		52E13C7A1EBB20340035BC90 /* MASViewConstraint.h */ = {isa = PBXFileReference; fileEncoding = 4; lastKnownFileType = sourcecode.c.h; path = MASViewConstraint.h; sourceTree = "<group>"; };
		52E13C7B1EBB20340035BC90 /* MASViewConstraint.m */ = {isa = PBXFileReference; fileEncoding = 4; lastKnownFileType = sourcecode.c.objc; path = MASViewConstraint.m; sourceTree = "<group>"; };
		52E13C7C1EBB20340035BC90 /* NSArray+MASAdditions.h */ = {isa = PBXFileReference; fileEncoding = 4; lastKnownFileType = sourcecode.c.h; path = "NSArray+MASAdditions.h"; sourceTree = "<group>"; };
		52E13C7D1EBB20340035BC90 /* NSArray+MASAdditions.m */ = {isa = PBXFileReference; fileEncoding = 4; lastKnownFileType = sourcecode.c.objc; path = "NSArray+MASAdditions.m"; sourceTree = "<group>"; };
		52E13C7E1EBB20340035BC90 /* NSArray+MASShorthandAdditions.h */ = {isa = PBXFileReference; fileEncoding = 4; lastKnownFileType = sourcecode.c.h; path = "NSArray+MASShorthandAdditions.h"; sourceTree = "<group>"; };
		52E13C7F1EBB20340035BC90 /* NSLayoutConstraint+MASDebugAdditions.h */ = {isa = PBXFileReference; fileEncoding = 4; lastKnownFileType = sourcecode.c.h; path = "NSLayoutConstraint+MASDebugAdditions.h"; sourceTree = "<group>"; };
		52E13C801EBB20340035BC90 /* NSLayoutConstraint+MASDebugAdditions.m */ = {isa = PBXFileReference; fileEncoding = 4; lastKnownFileType = sourcecode.c.objc; path = "NSLayoutConstraint+MASDebugAdditions.m"; sourceTree = "<group>"; };
		52E13C811EBB20340035BC90 /* View+MASAdditions.h */ = {isa = PBXFileReference; fileEncoding = 4; lastKnownFileType = sourcecode.c.h; path = "View+MASAdditions.h"; sourceTree = "<group>"; };
		52E13C821EBB20340035BC90 /* View+MASAdditions.m */ = {isa = PBXFileReference; fileEncoding = 4; lastKnownFileType = sourcecode.c.objc; path = "View+MASAdditions.m"; sourceTree = "<group>"; };
		52E13C831EBB20340035BC90 /* View+MASShorthandAdditions.h */ = {isa = PBXFileReference; fileEncoding = 4; lastKnownFileType = sourcecode.c.h; path = "View+MASShorthandAdditions.h"; sourceTree = "<group>"; };
		52E13C841EBB20340035BC90 /* ViewController+MASAdditions.h */ = {isa = PBXFileReference; fileEncoding = 4; lastKnownFileType = sourcecode.c.h; path = "ViewController+MASAdditions.h"; sourceTree = "<group>"; };
		52E13C851EBB20340035BC90 /* ViewController+MASAdditions.m */ = {isa = PBXFileReference; fileEncoding = 4; lastKnownFileType = sourcecode.c.objc; path = "ViewController+MASAdditions.m"; sourceTree = "<group>"; };
/* End PBXFileReference section */

/* Begin PBXFrameworksBuildPhase section */
		52E13C2B1EBB1ECE0035BC90 /* Frameworks */ = {
			isa = PBXFrameworksBuildPhase;
			buildActionMask = 2147483647;
			files = (
			);
			runOnlyForDeploymentPostprocessing = 0;
		};
		52E13C441EBB1ECE0035BC90 /* Frameworks */ = {
			isa = PBXFrameworksBuildPhase;
			buildActionMask = 2147483647;
			files = (
			);
			runOnlyForDeploymentPostprocessing = 0;
		};
		52E13C4F1EBB1ECE0035BC90 /* Frameworks */ = {
			isa = PBXFrameworksBuildPhase;
			buildActionMask = 2147483647;
			files = (
			);
			runOnlyForDeploymentPostprocessing = 0;
		};
/* End PBXFrameworksBuildPhase section */

/* Begin PBXGroup section */
		52E13C251EBB1ECE0035BC90 = {
			isa = PBXGroup;
			children = (
				52E13C301EBB1ECE0035BC90 /* SCPhotoCrop */,
				52E13C4A1EBB1ECE0035BC90 /* SCPhotoCropTests */,
				52E13C551EBB1ECE0035BC90 /* SCPhotoCropUITests */,
				52E13C2F1EBB1ECE0035BC90 /* Products */,
			);
			sourceTree = "<group>";
		};
		52E13C2F1EBB1ECE0035BC90 /* Products */ = {
			isa = PBXGroup;
			children = (
				52E13C2E1EBB1ECE0035BC90 /* SCPhotoCrop.app */,
				52E13C471EBB1ECE0035BC90 /* SCPhotoCropTests.xctest */,
				52E13C521EBB1ECE0035BC90 /* SCPhotoCropUITests.xctest */,
			);
			name = Products;
			sourceTree = "<group>";
		};
		52E13C301EBB1ECE0035BC90 /* SCPhotoCrop */ = {
			isa = PBXGroup;
			children = (
				52E13C341EBB1ECE0035BC90 /* AppDelegate.h */,
				52E13C351EBB1ECE0035BC90 /* AppDelegate.m */,
				52E13C371EBB1ECE0035BC90 /* ViewController.h */,
				52E13C381EBB1ECE0035BC90 /* ViewController.m */,
				52E13C641EBB1FC40035BC90 /* KSCPhotoCrop */,
				52E13C6B1EBB20340035BC90 /* Masonry */,
				52E13C3A1EBB1ECE0035BC90 /* Main.storyboard */,
				52E13C3D1EBB1ECE0035BC90 /* Assets.xcassets */,
				52E13C3F1EBB1ECE0035BC90 /* LaunchScreen.storyboard */,
				52E13C421EBB1ECE0035BC90 /* Info.plist */,
				52E13C311EBB1ECE0035BC90 /* Supporting Files */,
			);
			path = SCPhotoCrop;
			sourceTree = "<group>";
		};
		52E13C311EBB1ECE0035BC90 /* Supporting Files */ = {
			isa = PBXGroup;
			children = (
				52E13C321EBB1ECE0035BC90 /* main.m */,
			);
			name = "Supporting Files";
			sourceTree = "<group>";
		};
		52E13C4A1EBB1ECE0035BC90 /* SCPhotoCropTests */ = {
			isa = PBXGroup;
			children = (
				52E13C4B1EBB1ECE0035BC90 /* SCPhotoCropTests.m */,
				52E13C4D1EBB1ECE0035BC90 /* Info.plist */,
			);
			path = SCPhotoCropTests;
			sourceTree = "<group>";
		};
		52E13C551EBB1ECE0035BC90 /* SCPhotoCropUITests */ = {
			isa = PBXGroup;
			children = (
				52E13C561EBB1ECE0035BC90 /* SCPhotoCropUITests.m */,
				52E13C581EBB1ECE0035BC90 /* Info.plist */,
			);
			path = SCPhotoCropUITests;
			sourceTree = "<group>";
		};
		52E13C641EBB1FC40035BC90 /* KSCPhotoCrop */ = {
			isa = PBXGroup;
			children = (
				52E13C671EBB1FC40035BC90 /* KSCPhotoCropView.h */,
				52E13C681EBB1FC40035BC90 /* KSCPhotoCropView.m */,
				52E13C651EBB1FC40035BC90 /* KSCCropAreaView.h */,
				52E13C661EBB1FC40035BC90 /* KSCCropAreaView.m */,
			);
			path = KSCPhotoCrop;
			sourceTree = "<group>";
		};
		52E13C6B1EBB20340035BC90 /* Masonry */ = {
			isa = PBXGroup;
			children = (
				52E13C6C1EBB20340035BC90 /* Info.plist */,
				52E13C6D1EBB20340035BC90 /* MASCompositeConstraint.h */,
				52E13C6E1EBB20340035BC90 /* MASCompositeConstraint.m */,
				52E13C6F1EBB20340035BC90 /* MASConstraint+Private.h */,
				52E13C701EBB20340035BC90 /* MASConstraint.h */,
				52E13C711EBB20340035BC90 /* MASConstraint.m */,
				52E13C721EBB20340035BC90 /* MASConstraintMaker.h */,
				52E13C731EBB20340035BC90 /* MASConstraintMaker.m */,
				52E13C741EBB20340035BC90 /* MASLayoutConstraint.h */,
				52E13C751EBB20340035BC90 /* MASLayoutConstraint.m */,
				52E13C761EBB20340035BC90 /* Masonry.h */,
				52E13C771EBB20340035BC90 /* MASUtilities.h */,
				52E13C781EBB20340035BC90 /* MASViewAttribute.h */,
				52E13C791EBB20340035BC90 /* MASViewAttribute.m */,
				52E13C7A1EBB20340035BC90 /* MASViewConstraint.h */,
				52E13C7B1EBB20340035BC90 /* MASViewConstraint.m */,
				52E13C7C1EBB20340035BC90 /* NSArray+MASAdditions.h */,
				52E13C7D1EBB20340035BC90 /* NSArray+MASAdditions.m */,
				52E13C7E1EBB20340035BC90 /* NSArray+MASShorthandAdditions.h */,
				52E13C7F1EBB20340035BC90 /* NSLayoutConstraint+MASDebugAdditions.h */,
				52E13C801EBB20340035BC90 /* NSLayoutConstraint+MASDebugAdditions.m */,
				52E13C811EBB20340035BC90 /* View+MASAdditions.h */,
				52E13C821EBB20340035BC90 /* View+MASAdditions.m */,
				52E13C831EBB20340035BC90 /* View+MASShorthandAdditions.h */,
				52E13C841EBB20340035BC90 /* ViewController+MASAdditions.h */,
				52E13C851EBB20340035BC90 /* ViewController+MASAdditions.m */,
			);
			path = Masonry;
			sourceTree = "<group>";
		};
/* End PBXGroup section */

/* Begin PBXNativeTarget section */
		52E13C2D1EBB1ECE0035BC90 /* SCPhotoCrop */ = {
			isa = PBXNativeTarget;
			buildConfigurationList = 52E13C5B1EBB1ECE0035BC90 /* Build configuration list for PBXNativeTarget "SCPhotoCrop" */;
			buildPhases = (
				52E13C2A1EBB1ECE0035BC90 /* Sources */,
				52E13C2B1EBB1ECE0035BC90 /* Frameworks */,
				52E13C2C1EBB1ECE0035BC90 /* Resources */,
			);
			buildRules = (
			);
			dependencies = (
			);
			name = SCPhotoCrop;
			productName = SCPhotoCrop;
			productReference = 52E13C2E1EBB1ECE0035BC90 /* SCPhotoCrop.app */;
			productType = "com.apple.product-type.application";
		};
		52E13C461EBB1ECE0035BC90 /* SCPhotoCropTests */ = {
			isa = PBXNativeTarget;
			buildConfigurationList = 52E13C5E1EBB1ECE0035BC90 /* Build configuration list for PBXNativeTarget "SCPhotoCropTests" */;
			buildPhases = (
				52E13C431EBB1ECE0035BC90 /* Sources */,
				52E13C441EBB1ECE0035BC90 /* Frameworks */,
				52E13C451EBB1ECE0035BC90 /* Resources */,
			);
			buildRules = (
			);
			dependencies = (
				52E13C491EBB1ECE0035BC90 /* PBXTargetDependency */,
			);
			name = SCPhotoCropTests;
			productName = SCPhotoCropTests;
			productReference = 52E13C471EBB1ECE0035BC90 /* SCPhotoCropTests.xctest */;
			productType = "com.apple.product-type.bundle.unit-test";
		};
		52E13C511EBB1ECE0035BC90 /* SCPhotoCropUITests */ = {
			isa = PBXNativeTarget;
			buildConfigurationList = 52E13C611EBB1ECE0035BC90 /* Build configuration list for PBXNativeTarget "SCPhotoCropUITests" */;
			buildPhases = (
				52E13C4E1EBB1ECE0035BC90 /* Sources */,
				52E13C4F1EBB1ECE0035BC90 /* Frameworks */,
				52E13C501EBB1ECE0035BC90 /* Resources */,
			);
			buildRules = (
			);
			dependencies = (
				52E13C541EBB1ECE0035BC90 /* PBXTargetDependency */,
			);
			name = SCPhotoCropUITests;
			productName = SCPhotoCropUITests;
			productReference = 52E13C521EBB1ECE0035BC90 /* SCPhotoCropUITests.xctest */;
			productType = "com.apple.product-type.bundle.ui-testing";
		};
/* End PBXNativeTarget section */

/* Begin PBXProject section */
		52E13C261EBB1ECE0035BC90 /* Project object */ = {
			isa = PBXProject;
			attributes = {
				LastUpgradeCheck = 0830;
				ORGANIZATIONNAME = KanSC;
				TargetAttributes = {
					52E13C2D1EBB1ECE0035BC90 = {
						CreatedOnToolsVersion = 8.3.1;
						DevelopmentTeam = 9782BV3LNN;
						ProvisioningStyle = Automatic;
					};
					52E13C461EBB1ECE0035BC90 = {
						CreatedOnToolsVersion = 8.3.1;
						DevelopmentTeam = FFZGHY5WM4;
						ProvisioningStyle = Automatic;
						TestTargetID = 52E13C2D1EBB1ECE0035BC90;
					};
					52E13C511EBB1ECE0035BC90 = {
						CreatedOnToolsVersion = 8.3.1;
						DevelopmentTeam = FFZGHY5WM4;
						ProvisioningStyle = Automatic;
						TestTargetID = 52E13C2D1EBB1ECE0035BC90;
					};
				};
			};
			buildConfigurationList = 52E13C291EBB1ECE0035BC90 /* Build configuration list for PBXProject "SCPhotoCrop" */;
			compatibilityVersion = "Xcode 3.2";
			developmentRegion = English;
			hasScannedForEncodings = 0;
			knownRegions = (
				en,
				Base,
			);
			mainGroup = 52E13C251EBB1ECE0035BC90;
			productRefGroup = 52E13C2F1EBB1ECE0035BC90 /* Products */;
			projectDirPath = "";
			projectRoot = "";
			targets = (
				52E13C2D1EBB1ECE0035BC90 /* SCPhotoCrop */,
				52E13C461EBB1ECE0035BC90 /* SCPhotoCropTests */,
				52E13C511EBB1ECE0035BC90 /* SCPhotoCropUITests */,
			);
		};
/* End PBXProject section */

/* Begin PBXResourcesBuildPhase section */
		52E13C2C1EBB1ECE0035BC90 /* Resources */ = {
			isa = PBXResourcesBuildPhase;
			buildActionMask = 2147483647;
			files = (
				52E13C861EBB20340035BC90 /* Info.plist in Resources */,
				52E13C411EBB1ECE0035BC90 /* LaunchScreen.storyboard in Resources */,
				52E13C3E1EBB1ECE0035BC90 /* Assets.xcassets in Resources */,
				52E13C3C1EBB1ECE0035BC90 /* Main.storyboard in Resources */,
			);
			runOnlyForDeploymentPostprocessing = 0;
		};
		52E13C451EBB1ECE0035BC90 /* Resources */ = {
			isa = PBXResourcesBuildPhase;
			buildActionMask = 2147483647;
			files = (
			);
			runOnlyForDeploymentPostprocessing = 0;
		};
		52E13C501EBB1ECE0035BC90 /* Resources */ = {
			isa = PBXResourcesBuildPhase;
			buildActionMask = 2147483647;
			files = (
			);
			runOnlyForDeploymentPostprocessing = 0;
		};
/* End PBXResourcesBuildPhase section */

/* Begin PBXSourcesBuildPhase section */
		52E13C2A1EBB1ECE0035BC90 /* Sources */ = {
			isa = PBXSourcesBuildPhase;
			buildActionMask = 2147483647;
			files = (
				52E13C8E1EBB20340035BC90 /* NSLayoutConstraint+MASDebugAdditions.m in Sources */,
				52E13C391EBB1ECE0035BC90 /* ViewController.m in Sources */,
				52E13C8C1EBB20340035BC90 /* MASViewConstraint.m in Sources */,
				52E13C6A1EBB1FC40035BC90 /* KSCPhotoCropView.m in Sources */,
				52E13C691EBB1FC40035BC90 /* KSCCropAreaView.m in Sources */,
				52E13C361EBB1ECE0035BC90 /* AppDelegate.m in Sources */,
				52E13C8F1EBB20340035BC90 /* View+MASAdditions.m in Sources */,
				52E13C871EBB20340035BC90 /* MASCompositeConstraint.m in Sources */,
				52E13C8B1EBB20340035BC90 /* MASViewAttribute.m in Sources */,
				52E13C891EBB20340035BC90 /* MASConstraintMaker.m in Sources */,
				52E13C8D1EBB20340035BC90 /* NSArray+MASAdditions.m in Sources */,
				52E13C901EBB20340035BC90 /* ViewController+MASAdditions.m in Sources */,
				52E13C881EBB20340035BC90 /* MASConstraint.m in Sources */,
				52E13C8A1EBB20340035BC90 /* MASLayoutConstraint.m in Sources */,
				52E13C331EBB1ECE0035BC90 /* main.m in Sources */,
			);
			runOnlyForDeploymentPostprocessing = 0;
		};
		52E13C431EBB1ECE0035BC90 /* Sources */ = {
			isa = PBXSourcesBuildPhase;
			buildActionMask = 2147483647;
			files = (
				52E13C4C1EBB1ECE0035BC90 /* SCPhotoCropTests.m in Sources */,
			);
			runOnlyForDeploymentPostprocessing = 0;
		};
		52E13C4E1EBB1ECE0035BC90 /* Sources */ = {
			isa = PBXSourcesBuildPhase;
			buildActionMask = 2147483647;
			files = (
				52E13C571EBB1ECE0035BC90 /* SCPhotoCropUITests.m in Sources */,
			);
			runOnlyForDeploymentPostprocessing = 0;
		};
/* End PBXSourcesBuildPhase section */

/* Begin PBXTargetDependency section */
		52E13C491EBB1ECE0035BC90 /* PBXTargetDependency */ = {
			isa = PBXTargetDependency;
			target = 52E13C2D1EBB1ECE0035BC90 /* SCPhotoCrop */;
			targetProxy = 52E13C481EBB1ECE0035BC90 /* PBXContainerItemProxy */;
		};
		52E13C541EBB1ECE0035BC90 /* PBXTargetDependency */ = {
			isa = PBXTargetDependency;
			target = 52E13C2D1EBB1ECE0035BC90 /* SCPhotoCrop */;
			targetProxy = 52E13C531EBB1ECE0035BC90 /* PBXContainerItemProxy */;
		};
/* End PBXTargetDependency section */

/* Begin PBXVariantGroup section */
		52E13C3A1EBB1ECE0035BC90 /* Main.storyboard */ = {
			isa = PBXVariantGroup;
			children = (
				52E13C3B1EBB1ECE0035BC90 /* Base */,
			);
			name = Main.storyboard;
			sourceTree = "<group>";
		};
		52E13C3F1EBB1ECE0035BC90 /* LaunchScreen.storyboard */ = {
			isa = PBXVariantGroup;
			children = (
				52E13C401EBB1ECE0035BC90 /* Base */,
			);
			name = LaunchScreen.storyboard;
			sourceTree = "<group>";
		};
/* End PBXVariantGroup section */

/* Begin XCBuildConfiguration section */
		52E13C591EBB1ECE0035BC90 /* Debug */ = {
			isa = XCBuildConfiguration;
			buildSettings = {
				ALWAYS_SEARCH_USER_PATHS = NO;
				CLANG_ANALYZER_NONNULL = YES;
				CLANG_ANALYZER_NUMBER_OBJECT_CONVERSION = YES_AGGRESSIVE;
				CLANG_CXX_LANGUAGE_STANDARD = "gnu++0x";
				CLANG_CXX_LIBRARY = "libc++";
				CLANG_ENABLE_MODULES = YES;
				CLANG_ENABLE_OBJC_ARC = YES;
				CLANG_WARN_BOOL_CONVERSION = YES;
				CLANG_WARN_CONSTANT_CONVERSION = YES;
				CLANG_WARN_DIRECT_OBJC_ISA_USAGE = YES_ERROR;
				CLANG_WARN_DOCUMENTATION_COMMENTS = YES;
				CLANG_WARN_EMPTY_BODY = YES;
				CLANG_WARN_ENUM_CONVERSION = YES;
				CLANG_WARN_INFINITE_RECURSION = YES;
				CLANG_WARN_INT_CONVERSION = YES;
				CLANG_WARN_OBJC_ROOT_CLASS = YES_ERROR;
				CLANG_WARN_SUSPICIOUS_MOVE = YES;
				CLANG_WARN_UNREACHABLE_CODE = YES;
				CLANG_WARN__DUPLICATE_METHOD_MATCH = YES;
				"CODE_SIGN_IDENTITY[sdk=iphoneos*]" = "iPhone Developer";
				COPY_PHASE_STRIP = NO;
				DEBUG_INFORMATION_FORMAT = dwarf;
				ENABLE_STRICT_OBJC_MSGSEND = YES;
				ENABLE_TESTABILITY = YES;
				GCC_C_LANGUAGE_STANDARD = gnu99;
				GCC_DYNAMIC_NO_PIC = NO;
				GCC_NO_COMMON_BLOCKS = YES;
				GCC_OPTIMIZATION_LEVEL = 0;
				GCC_PREPROCESSOR_DEFINITIONS = (
					"DEBUG=1",
					"$(inherited)",
				);
				GCC_WARN_64_TO_32_BIT_CONVERSION = YES;
				GCC_WARN_ABOUT_RETURN_TYPE = YES_ERROR;
				GCC_WARN_UNDECLARED_SELECTOR = YES;
				GCC_WARN_UNINITIALIZED_AUTOS = YES_AGGRESSIVE;
				GCC_WARN_UNUSED_FUNCTION = YES;
				GCC_WARN_UNUSED_VARIABLE = YES;
				IPHONEOS_DEPLOYMENT_TARGET = 10.3;
				MTL_ENABLE_DEBUG_INFO = YES;
				ONLY_ACTIVE_ARCH = YES;
				SDKROOT = iphoneos;
			};
			name = Debug;
		};
		52E13C5A1EBB1ECE0035BC90 /* Release */ = {
			isa = XCBuildConfiguration;
			buildSettings = {
				ALWAYS_SEARCH_USER_PATHS = NO;
				CLANG_ANALYZER_NONNULL = YES;
				CLANG_ANALYZER_NUMBER_OBJECT_CONVERSION = YES_AGGRESSIVE;
				CLANG_CXX_LANGUAGE_STANDARD = "gnu++0x";
				CLANG_CXX_LIBRARY = "libc++";
				CLANG_ENABLE_MODULES = YES;
				CLANG_ENABLE_OBJC_ARC = YES;
				CLANG_WARN_BOOL_CONVERSION = YES;
				CLANG_WARN_CONSTANT_CONVERSION = YES;
				CLANG_WARN_DIRECT_OBJC_ISA_USAGE = YES_ERROR;
				CLANG_WARN_DOCUMENTATION_COMMENTS = YES;
				CLANG_WARN_EMPTY_BODY = YES;
				CLANG_WARN_ENUM_CONVERSION = YES;
				CLANG_WARN_INFINITE_RECURSION = YES;
				CLANG_WARN_INT_CONVERSION = YES;
				CLANG_WARN_OBJC_ROOT_CLASS = YES_ERROR;
				CLANG_WARN_SUSPICIOUS_MOVE = YES;
				CLANG_WARN_UNREACHABLE_CODE = YES;
				CLANG_WARN__DUPLICATE_METHOD_MATCH = YES;
				"CODE_SIGN_IDENTITY[sdk=iphoneos*]" = "iPhone Developer";
				COPY_PHASE_STRIP = NO;
				DEBUG_INFORMATION_FORMAT = "dwarf-with-dsym";
				ENABLE_NS_ASSERTIONS = NO;
				ENABLE_STRICT_OBJC_MSGSEND = YES;
				GCC_C_LANGUAGE_STANDARD = gnu99;
				GCC_NO_COMMON_BLOCKS = YES;
				GCC_WARN_64_TO_32_BIT_CONVERSION = YES;
				GCC_WARN_ABOUT_RETURN_TYPE = YES_ERROR;
				GCC_WARN_UNDECLARED_SELECTOR = YES;
				GCC_WARN_UNINITIALIZED_AUTOS = YES_AGGRESSIVE;
				GCC_WARN_UNUSED_FUNCTION = YES;
				GCC_WARN_UNUSED_VARIABLE = YES;
				IPHONEOS_DEPLOYMENT_TARGET = 10.3;
				MTL_ENABLE_DEBUG_INFO = NO;
				SDKROOT = iphoneos;
				VALIDATE_PRODUCT = YES;
			};
			name = Release;
		};
		52E13C5C1EBB1ECE0035BC90 /* Debug */ = {
			isa = XCBuildConfiguration;
			buildSettings = {
				ASSETCATALOG_COMPILER_APPICON_NAME = AppIcon;
				DEVELOPMENT_TEAM = 9782BV3LNN;
				INFOPLIST_FILE = SCPhotoCrop/Info.plist;
				LD_RUNPATH_SEARCH_PATHS = "$(inherited) @executable_path/Frameworks";
				PRODUCT_BUNDLE_IDENTIFIER = KXCPhotoCrop;
				PRODUCT_NAME = "$(TARGET_NAME)";
			};
			name = Debug;
		};
		52E13C5D1EBB1ECE0035BC90 /* Release */ = {
			isa = XCBuildConfiguration;
			buildSettings = {
				ASSETCATALOG_COMPILER_APPICON_NAME = AppIcon;
				DEVELOPMENT_TEAM = 9782BV3LNN;
				INFOPLIST_FILE = SCPhotoCrop/Info.plist;
				LD_RUNPATH_SEARCH_PATHS = "$(inherited) @executable_path/Frameworks";
				PRODUCT_BUNDLE_IDENTIFIER = KXCPhotoCrop;
				PRODUCT_NAME = "$(TARGET_NAME)";
			};
			name = Release;
		};
		52E13C5F1EBB1ECE0035BC90 /* Debug */ = {
			isa = XCBuildConfiguration;
			buildSettings = {
				BUNDLE_LOADER = "$(TEST_HOST)";
				DEVELOPMENT_TEAM = FFZGHY5WM4;
				INFOPLIST_FILE = SCPhotoCropTests/Info.plist;
				LD_RUNPATH_SEARCH_PATHS = "$(inherited) @executable_path/Frameworks @loader_path/Frameworks";
				PRODUCT_BUNDLE_IDENTIFIER = KSC.SCPhotoCropTests;
				PRODUCT_NAME = "$(TARGET_NAME)";
				TEST_HOST = "$(BUILT_PRODUCTS_DIR)/SCPhotoCrop.app/SCPhotoCrop";
			};
			name = Debug;
		};
		52E13C601EBB1ECE0035BC90 /* Release */ = {
			isa = XCBuildConfiguration;
			buildSettings = {
				BUNDLE_LOADER = "$(TEST_HOST)";
				DEVELOPMENT_TEAM = FFZGHY5WM4;
				INFOPLIST_FILE = SCPhotoCropTests/Info.plist;
				LD_RUNPATH_SEARCH_PATHS = "$(inherited) @executable_path/Frameworks @loader_path/Frameworks";
				PRODUCT_BUNDLE_IDENTIFIER = KSC.SCPhotoCropTests;
				PRODUCT_NAME = "$(TARGET_NAME)";
				TEST_HOST = "$(BUILT_PRODUCTS_DIR)/SCPhotoCrop.app/SCPhotoCrop";
			};
			name = Release;
		};
		52E13C621EBB1ECE0035BC90 /* Debug */ = {
			isa = XCBuildConfiguration;
			buildSettings = {
				DEVELOPMENT_TEAM = FFZGHY5WM4;
				INFOPLIST_FILE = SCPhotoCropUITests/Info.plist;
				LD_RUNPATH_SEARCH_PATHS = "$(inherited) @executable_path/Frameworks @loader_path/Frameworks";
				PRODUCT_BUNDLE_IDENTIFIER = KSC.SCPhotoCropUITests;
				PRODUCT_NAME = "$(TARGET_NAME)";
				TEST_TARGET_NAME = SCPhotoCrop;
			};
			name = Debug;
		};
		52E13C631EBB1ECE0035BC90 /* Release */ = {
			isa = XCBuildConfiguration;
			buildSettings = {
				DEVELOPMENT_TEAM = FFZGHY5WM4;
				INFOPLIST_FILE = SCPhotoCropUITests/Info.plist;
				LD_RUNPATH_SEARCH_PATHS = "$(inherited) @executable_path/Frameworks @loader_path/Frameworks";
				PRODUCT_BUNDLE_IDENTIFIER = KSC.SCPhotoCropUITests;
				PRODUCT_NAME = "$(TARGET_NAME)";
				TEST_TARGET_NAME = SCPhotoCrop;
			};
			name = Release;
		};
/* End XCBuildConfiguration section */

/* Begin XCConfigurationList section */
		52E13C291EBB1ECE0035BC90 /* Build configuration list for PBXProject "SCPhotoCrop" */ = {
			isa = XCConfigurationList;
			buildConfigurations = (
				52E13C591EBB1ECE0035BC90 /* Debug */,
				52E13C5A1EBB1ECE0035BC90 /* Release */,
			);
			defaultConfigurationIsVisible = 0;
			defaultConfigurationName = Release;
		};
		52E13C5B1EBB1ECE0035BC90 /* Build configuration list for PBXNativeTarget "SCPhotoCrop" */ = {
			isa = XCConfigurationList;
			buildConfigurations = (
				52E13C5C1EBB1ECE0035BC90 /* Debug */,
				52E13C5D1EBB1ECE0035BC90 /* Release */,
			);
			defaultConfigurationIsVisible = 0;
		};
		52E13C5E1EBB1ECE0035BC90 /* Build configuration list for PBXNativeTarget "SCPhotoCropTests" */ = {
			isa = XCConfigurationList;
			buildConfigurations = (
				52E13C5F1EBB1ECE0035BC90 /* Debug */,
				52E13C601EBB1ECE0035BC90 /* Release */,
			);
			defaultConfigurationIsVisible = 0;
		};
		52E13C611EBB1ECE0035BC90 /* Build configuration list for PBXNativeTarget "SCPhotoCropUITests" */ = {
			isa = XCConfigurationList;
			buildConfigurations = (
				52E13C621EBB1ECE0035BC90 /* Debug */,
				52E13C631EBB1ECE0035BC90 /* Release */,
			);
			defaultConfigurationIsVisible = 0;
		};
/* End XCConfigurationList section */
	};
	rootObject = 52E13C261EBB1ECE0035BC90 /* Project object */;
}
